
Microsoft Visual Studio Solution File, Format Version 12.00
# Visual Studio 15
VisualStudioVersion = 15.0.26730.3
MinimumVisualStudioVersion = 10.0.40219.1
Project("{9A19103F-16F7-4668-BE54-9A1E7A4F7556}") = "TellRachel", "TellRachel\TellRachel.csproj", "{01AE39CD-1D42-46BE-B6F6-B1B68046A5C5}"
EndProject
Project("{FAE04EC0-301F-11D3-BF4B-00C04F79EFBC}") = "TellRachel.Data", "TellRachel.Data\TellRachel.Data.csproj", "{EF58B200-7A46-46E7-AAB2-32853C7EE6D7}"
EndProject
Project("{FAE04EC0-301F-11D3-BF4B-00C04F79EFBC}") = "TellRachel.Domain", "TellRachel.Domain\TellRachel.Domain.csproj", "{9AAF8F6B-9F01-4FEA-9522-6A227ADE65D9}"
EndProject
Project("{FAE04EC0-301F-11D3-BF4B-00C04F79EFBC}") = "TellRachel.Shared", "TellRachel.Shared\TellRachel.Shared.csproj", "{92668DB6-92E8-4F3B-9D38-E840D5EB735D}"
EndProject
Global
	GlobalSection(SolutionConfigurationPlatforms) = preSolution
		Debug|Any CPU = Debug|Any CPU
		Release|Any CPU = Release|Any CPU
	EndGlobalSection
	GlobalSection(ProjectConfigurationPlatforms) = postSolution
		{01AE39CD-1D42-46BE-B6F6-B1B68046A5C5}.Debug|Any CPU.ActiveCfg = Debug|Any CPU
		{01AE39CD-1D42-46BE-B6F6-B1B68046A5C5}.Debug|Any CPU.Build.0 = Debug|Any CPU
		{01AE39CD-1D42-46BE-B6F6-B1B68046A5C5}.Release|Any CPU.ActiveCfg = Release|Any CPU
		{01AE39CD-1D42-46BE-B6F6-B1B68046A5C5}.Release|Any CPU.Build.0 = Release|Any CPU
		{EF58B200-7A46-46E7-AAB2-32853C7EE6D7}.Debug|Any CPU.ActiveCfg = Debug|Any CPU
		{EF58B200-7A46-46E7-AAB2-32853C7EE6D7}.Debug|Any CPU.Build.0 = Debug|Any CPU
		{EF58B200-7A46-46E7-AAB2-32853C7EE6D7}.Release|Any CPU.ActiveCfg = Release|Any CPU
		{EF58B200-7A46-46E7-AAB2-32853C7EE6D7}.Release|Any CPU.Build.0 = Release|Any CPU
		{9AAF8F6B-9F01-4FEA-9522-6A227ADE65D9}.Debug|Any CPU.ActiveCfg = Debug|Any CPU
		{9AAF8F6B-9F01-4FEA-9522-6A227ADE65D9}.Debug|Any CPU.Build.0 = Debug|Any CPU
		{9AAF8F6B-9F01-4FEA-9522-6A227ADE65D9}.Release|Any CPU.ActiveCfg = Release|Any CPU
		{9AAF8F6B-9F01-4FEA-9522-6A227ADE65D9}.Release|Any CPU.Build.0 = Release|Any CPU
		{92668DB6-92E8-4F3B-9D38-E840D5EB735D}.Debug|Any CPU.ActiveCfg = Debug|Any CPU
		{92668DB6-92E8-4F3B-9D38-E840D5EB735D}.Debug|Any CPU.Build.0 = Debug|Any CPU
		{92668DB6-92E8-4F3B-9D38-E840D5EB735D}.Release|Any CPU.ActiveCfg = Release|Any CPU
		{92668DB6-92E8-4F3B-9D38-E840D5EB735D}.Release|Any CPU.Build.0 = Release|Any CPU
	EndGlobalSection
	GlobalSection(SolutionProperties) = preSolution
		HideSolutionNode = FALSE
	EndGlobalSection
	GlobalSection(ExtensibilityGlobals) = postSolution
		SolutionGuid = {FAC616F9-1924-4667-955A-C740C471464F}
	EndGlobalSection
EndGlobal
